
Microsoft Visual Studio Solution File, Format Version 12.00
# Visual Studio 15
Project("{FAE04EC0-301F-11D3-BF4B-00C04F79EFBC}") = "Assembly-CSharp", "Assembly-CSharp.csproj", "{3C0C547E-920F-C228-07B4-25C1D49C66B7}"
EndProject
Project("{FAE04EC0-301F-11D3-BF4B-00C04F79EFBC}") = "Assembly-CSharp-Editor", "Assembly-CSharp-Editor.csproj", "{F2BBF9EA-8021-CB94-B503-3D3A5C12C610}"
EndProject
Global
	GlobalSection(SolutionConfigurationPlatforms) = preSolution
		Debug|Any CPU = Debug|Any CPU
		Release|Any CPU = Release|Any CPU
	EndGlobalSection
	GlobalSection(ProjectConfigurationPlatforms) = postSolution
		{3C0C547E-920F-C228-07B4-25C1D49C66B7}.Debug|Any CPU.ActiveCfg = Debug|Any CPU
		{3C0C547E-920F-C228-07B4-25C1D49C66B7}.Debug|Any CPU.Build.0 = Debug|Any CPU
		{3C0C547E-920F-C228-07B4-25C1D49C66B7}.Release|Any CPU.ActiveCfg = Release|Any CPU
		{3C0C547E-920F-C228-07B4-25C1D49C66B7}.Release|Any CPU.Build.0 = Release|Any CPU
		{F2BBF9EA-8021-CB94-B503-3D3A5C12C610}.Debug|Any CPU.ActiveCfg = Debug|Any CPU
		{F2BBF9EA-8021-CB94-B503-3D3A5C12C610}.Debug|Any CPU.Build.0 = Debug|Any CPU
		{F2BBF9EA-8021-CB94-B503-3D3A5C12C610}.Release|Any CPU.ActiveCfg = Release|Any CPU
		{F2BBF9EA-8021-CB94-B503-3D3A5C12C610}.Release|Any CPU.Build.0 = Release|Any CPU
	EndGlobalSection
	GlobalSection(SolutionProperties) = preSolution
		HideSolutionNode = FALSE
	EndGlobalSection
EndGlobal
